
Microsoft Visual Studio Solution File, Format Version 12.00
# Visual Studio 14
VisualStudioVersion = 14.0.25123.0
MinimumVisualStudioVersion = 10.0.40219.1
Project("{8BC9CEB8-8B4A-11D0-8D11-00A0C91BC942}") = "LinkedList", "LinkedList\LinkedList.vcxproj", "{0A8EBEE3-CC9E-4455-A695-763394AB5E1F}"
EndProject
Project("{8BC9CEB8-8B4A-11D0-8D11-00A0C91BC942}") = "UnitTest", "UnitTest\UnitTest.vcxproj", "{BB8FEDF8-6DCE-4A31-8710-9C1AE1550EDD}"
	ProjectSection(ProjectDependencies) = postProject
		{0A8EBEE3-CC9E-4455-A695-763394AB5E1F} = {0A8EBEE3-CC9E-4455-A695-763394AB5E1F}
	EndProjectSection
EndProject
Global
	GlobalSection(SolutionConfigurationPlatforms) = preSolution
		Debug|x64 = Debug|x64
		Debug|x86 = Debug|x86
		Release|x64 = Release|x64
		Release|x86 = Release|x86
	EndGlobalSection
	GlobalSection(ProjectConfigurationPlatforms) = postSolution
		{0A8EBEE3-CC9E-4455-A695-763394AB5E1F}.Debug|x64.ActiveCfg = Debug|x64
		{0A8EBEE3-CC9E-4455-A695-763394AB5E1F}.Debug|x64.Build.0 = Debug|x64
		{0A8EBEE3-CC9E-4455-A695-763394AB5E1F}.Debug|x86.ActiveCfg = Debug|Win32
		{0A8EBEE3-CC9E-4455-A695-763394AB5E1F}.Debug|x86.Build.0 = Debug|Win32
		{0A8EBEE3-CC9E-4455-A695-763394AB5E1F}.Release|x64.ActiveCfg = Release|x64
		{0A8EBEE3-CC9E-4455-A695-763394AB5E1F}.Release|x64.Build.0 = Release|x64
		{0A8EBEE3-CC9E-4455-A695-763394AB5E1F}.Release|x86.ActiveCfg = Release|Win32
		{0A8EBEE3-CC9E-4455-A695-763394AB5E1F}.Release|x86.Build.0 = Release|Win32
		{BB8FEDF8-6DCE-4A31-8710-9C1AE1550EDD}.Debug|x64.ActiveCfg = Debug|x64
		{BB8FEDF8-6DCE-4A31-8710-9C1AE1550EDD}.Debug|x64.Build.0 = Debug|x64
		{BB8FEDF8-6DCE-4A31-8710-9C1AE1550EDD}.Debug|x86.ActiveCfg = Debug|Win32
		{BB8FEDF8-6DCE-4A31-8710-9C1AE1550EDD}.Debug|x86.Build.0 = Debug|Win32
		{BB8FEDF8-6DCE-4A31-8710-9C1AE1550EDD}.Release|x64.ActiveCfg = Release|x64
		{BB8FEDF8-6DCE-4A31-8710-9C1AE1550EDD}.Release|x64.Build.0 = Release|x64
		{BB8FEDF8-6DCE-4A31-8710-9C1AE1550EDD}.Release|x86.ActiveCfg = Release|Win32
		{BB8FEDF8-6DCE-4A31-8710-9C1AE1550EDD}.Release|x86.Build.0 = Release|Win32
	EndGlobalSection
	GlobalSection(SolutionProperties) = preSolution
		HideSolutionNode = FALSE
	EndGlobalSection
EndGlobal
